
Microsoft Visual Studio Solution File, Format Version 12.00
# Visual Studio 15
VisualStudioVersion = 15.0.26124.0
MinimumVisualStudioVersion = 15.0.26124.0
Project("{2150E333-8FDC-42A3-9474-1A3956D46DE8}") = "src", "src", "{365287F6-F9D9-45D1-8C3B-059A2C4C07AF}"
EndProject
Project("{FAE04EC0-301F-11D3-BF4B-00C04F79EFBC}") = "Yhsb", "src\Yhsb\Yhsb.csproj", "{3D1FC9C4-7664-404E-91FC-B3401439163D}"
EndProject
Project("{FAE04EC0-301F-11D3-BF4B-00C04F79EFBC}") = "Yhsb.Test", "src\Yhsb.Test\Yhsb.Test.csproj", "{6FE727DB-47B7-4B9B-99DA-7DA5897D2473}"
EndProject
Project("{FAE04EC0-301F-11D3-BF4B-00C04F79EFBC}") = "Yhsb.Jb.Query", "src\Yhsb.Jb.Query\Yhsb.Jb.Query.csproj", "{740DBC9C-F586-49FF-B257-09E9194B7DEC}"
EndProject
Project("{FAE04EC0-301F-11D3-BF4B-00C04F79EFBC}") = "Yhsb.Jb.Audit", "src\Yhsb.Jb.Audit\Yhsb.Jb.Audit.csproj", "{A5A72443-D635-4E57-B247-679624047B84}"
EndProject
Project("{FAE04EC0-301F-11D3-BF4B-00C04F79EFBC}") = "Yhsb.Jb.Treatment", "src\Yhsb.Jb.Treatment\Yhsb.Jb.Treatment.csproj", "{2EEC285B-A180-4D41-8ECA-CFC9A445F395}"
EndProject
Project("{2150E333-8FDC-42A3-9474-1A3956D46DE8}") = "NPOI", "NPOI", "{C2296D49-85A0-4831-BC7B-7F3F286E356D}"
EndProject
Project("{FAE04EC0-301F-11D3-BF4B-00C04F79EFBC}") = "NPOI", "pkg\NPOI\NPOI\NPOI.csproj", "{94BAB320-5BFF-4E87-B2F9-CEA19E12DB1B}"
EndProject
Project("{2150E333-8FDC-42A3-9474-1A3956D46DE8}") = "pkg", "pkg", "{015182D8-1F36-480F-9C91-DEEF94CEC165}"
EndProject
Project("{FAE04EC0-301F-11D3-BF4B-00C04F79EFBC}") = "CommandLine", "pkg\CommandLine\CommandLine.csproj", "{CF29E104-97E9-40C0-9053-799A75A313EF}"
EndProject
Project("{FAE04EC0-301F-11D3-BF4B-00C04F79EFBC}") = "Yhsb.Jb.OtherPayment", "src\Yhsb.Jb.OtherPayment\Yhsb.Jb.OtherPayment.csproj", "{F10FAF0F-6C31-4B31-A6DF-BFED71D3EE72}"
EndProject
Project("{FAE04EC0-301F-11D3-BF4B-00C04F79EFBC}") = "Yhsb.Jb.Payment", "src\Yhsb.Jb.Payment\Yhsb.Jb.Payment.csproj", "{FD2DDA50-EEA4-446F-8D6B-D8A3462C7DC3}"
EndProject
Project("{FAE04EC0-301F-11D3-BF4B-00C04F79EFBC}") = "Yhsb.Jb.FpData", "src\Yhsb.Jb.FpData\Yhsb.Jb.FpData.csproj", "{8820F465-34D8-4663-BBD0-976873697ED8}"
EndProject
Project("{FAE04EC0-301F-11D3-BF4B-00C04F79EFBC}") = "Yhsb.Jb.Settings", "src\Yhsb.Jb.Settings\Yhsb.Jb.Settings.csproj", "{57C9F8EC-31AE-482A-93C2-5E731A600790}"
EndProject
Project("{FAE04EC0-301F-11D3-BF4B-00C04F79EFBC}") = "Yhsb.Qb.Query", "src\Yhsb.Qb.Query\Yhsb.Qb.Query.csproj", "{49D3A11B-D199-4E85-82F6-035540E4B91F}"
EndProject
Project("{FAE04EC0-301F-11D3-BF4B-00C04F79EFBC}") = "Yhsb.Split", "src\Yhsb.Split\Yhsb.Split.csproj", "{9CB8B155-70D0-49BA-ADE8-DC9F08491DA1}"
EndProject
Project("{FAE04EC0-301F-11D3-BF4B-00C04F79EFBC}") = "Yhsb.Gb.Excel", "src\Yhsb.Gb.Excel\Yhsb.Gb.Excel.csproj", "{914CDFD1-12AF-498D-A81B-A7AF6DD1D88C}"
EndProject
Project("{FAE04EC0-301F-11D3-BF4B-00C04F79EFBC}") = "Yhsb.Jb.FullCover", "src\Yhsb.Jb.FullCover\Yhsb.Jb.FullCover.csproj", "{20B50385-D0F1-4B21-8D27-9DF410117303}"
EndProject
Project("{FAE04EC0-301F-11D3-BF4B-00C04F79EFBC}") = "Yhsb.Jb.Cert", "src\Yhsb.Jb.Cert\Yhsb.Jb.Cert.csproj", "{4B675749-56D7-452D-8E39-4AE784452A1D}"
EndProject
Project("{FAE04EC0-301F-11D3-BF4B-00C04F79EFBC}") = "Yhsb.Jb.SpecialKind", "src\Yhsb.Jb.SpecialKind\Yhsb.Jb.SpecialKind.csproj", "{6E19356F-979F-497C-8A8E-58C25524E6E1}"
EndProject
Global
	GlobalSection(SolutionConfigurationPlatforms) = preSolution
		Debug|Any CPU = Debug|Any CPU
		Debug|x64 = Debug|x64
		Debug|x86 = Debug|x86
		Release|Any CPU = Release|Any CPU
		Release|x64 = Release|x64
		Release|x86 = Release|x86
	EndGlobalSection
	GlobalSection(SolutionProperties) = preSolution
		HideSolutionNode = FALSE
	EndGlobalSection
	GlobalSection(ProjectConfigurationPlatforms) = postSolution
		{3D1FC9C4-7664-404E-91FC-B3401439163D}.Debug|Any CPU.ActiveCfg = Debug|Any CPU
		{3D1FC9C4-7664-404E-91FC-B3401439163D}.Debug|Any CPU.Build.0 = Debug|Any CPU
		{3D1FC9C4-7664-404E-91FC-B3401439163D}.Debug|x64.ActiveCfg = Debug|Any CPU
		{3D1FC9C4-7664-404E-91FC-B3401439163D}.Debug|x64.Build.0 = Debug|Any CPU
		{3D1FC9C4-7664-404E-91FC-B3401439163D}.Debug|x86.ActiveCfg = Debug|Any CPU
		{3D1FC9C4-7664-404E-91FC-B3401439163D}.Debug|x86.Build.0 = Debug|Any CPU
		{3D1FC9C4-7664-404E-91FC-B3401439163D}.Release|Any CPU.ActiveCfg = Release|Any CPU
		{3D1FC9C4-7664-404E-91FC-B3401439163D}.Release|Any CPU.Build.0 = Release|Any CPU
		{3D1FC9C4-7664-404E-91FC-B3401439163D}.Release|x64.ActiveCfg = Release|Any CPU
		{3D1FC9C4-7664-404E-91FC-B3401439163D}.Release|x64.Build.0 = Release|Any CPU
		{3D1FC9C4-7664-404E-91FC-B3401439163D}.Release|x86.ActiveCfg = Release|Any CPU
		{3D1FC9C4-7664-404E-91FC-B3401439163D}.Release|x86.Build.0 = Release|Any CPU
		{6FE727DB-47B7-4B9B-99DA-7DA5897D2473}.Debug|Any CPU.ActiveCfg = Debug|Any CPU
		{6FE727DB-47B7-4B9B-99DA-7DA5897D2473}.Debug|Any CPU.Build.0 = Debug|Any CPU
		{6FE727DB-47B7-4B9B-99DA-7DA5897D2473}.Debug|x64.ActiveCfg = Debug|Any CPU
		{6FE727DB-47B7-4B9B-99DA-7DA5897D2473}.Debug|x64.Build.0 = Debug|Any CPU
		{6FE727DB-47B7-4B9B-99DA-7DA5897D2473}.Debug|x86.ActiveCfg = Debug|Any CPU
		{6FE727DB-47B7-4B9B-99DA-7DA5897D2473}.Debug|x86.Build.0 = Debug|Any CPU
		{6FE727DB-47B7-4B9B-99DA-7DA5897D2473}.Release|Any CPU.ActiveCfg = Release|Any CPU
		{6FE727DB-47B7-4B9B-99DA-7DA5897D2473}.Release|Any CPU.Build.0 = Release|Any CPU
		{6FE727DB-47B7-4B9B-99DA-7DA5897D2473}.Release|x64.ActiveCfg = Release|Any CPU
		{6FE727DB-47B7-4B9B-99DA-7DA5897D2473}.Release|x64.Build.0 = Release|Any CPU
		{6FE727DB-47B7-4B9B-99DA-7DA5897D2473}.Release|x86.ActiveCfg = Release|Any CPU
		{6FE727DB-47B7-4B9B-99DA-7DA5897D2473}.Release|x86.Build.0 = Release|Any CPU
		{740DBC9C-F586-49FF-B257-09E9194B7DEC}.Debug|Any CPU.ActiveCfg = Debug|Any CPU
		{740DBC9C-F586-49FF-B257-09E9194B7DEC}.Debug|Any CPU.Build.0 = Debug|Any CPU
		{740DBC9C-F586-49FF-B257-09E9194B7DEC}.Debug|x64.ActiveCfg = Debug|Any CPU
		{740DBC9C-F586-49FF-B257-09E9194B7DEC}.Debug|x64.Build.0 = Debug|Any CPU
		{740DBC9C-F586-49FF-B257-09E9194B7DEC}.Debug|x86.ActiveCfg = Debug|Any CPU
		{740DBC9C-F586-49FF-B257-09E9194B7DEC}.Debug|x86.Build.0 = Debug|Any CPU
		{740DBC9C-F586-49FF-B257-09E9194B7DEC}.Release|Any CPU.ActiveCfg = Release|Any CPU
		{740DBC9C-F586-49FF-B257-09E9194B7DEC}.Release|Any CPU.Build.0 = Release|Any CPU
		{740DBC9C-F586-49FF-B257-09E9194B7DEC}.Release|x64.ActiveCfg = Release|Any CPU
		{740DBC9C-F586-49FF-B257-09E9194B7DEC}.Release|x64.Build.0 = Release|Any CPU
		{740DBC9C-F586-49FF-B257-09E9194B7DEC}.Release|x86.ActiveCfg = Release|Any CPU
		{740DBC9C-F586-49FF-B257-09E9194B7DEC}.Release|x86.Build.0 = Release|Any CPU
		{A5A72443-D635-4E57-B247-679624047B84}.Debug|Any CPU.ActiveCfg = Debug|Any CPU
		{A5A72443-D635-4E57-B247-679624047B84}.Debug|Any CPU.Build.0 = Debug|Any CPU
		{A5A72443-D635-4E57-B247-679624047B84}.Debug|x64.ActiveCfg = Debug|Any CPU
		{A5A72443-D635-4E57-B247-679624047B84}.Debug|x64.Build.0 = Debug|Any CPU
		{A5A72443-D635-4E57-B247-679624047B84}.Debug|x86.ActiveCfg = Debug|Any CPU
		{A5A72443-D635-4E57-B247-679624047B84}.Debug|x86.Build.0 = Debug|Any CPU
		{A5A72443-D635-4E57-B247-679624047B84}.Release|Any CPU.ActiveCfg = Release|Any CPU
		{A5A72443-D635-4E57-B247-679624047B84}.Release|Any CPU.Build.0 = Release|Any CPU
		{A5A72443-D635-4E57-B247-679624047B84}.Release|x64.ActiveCfg = Release|Any CPU
		{A5A72443-D635-4E57-B247-679624047B84}.Release|x64.Build.0 = Release|Any CPU
		{A5A72443-D635-4E57-B247-679624047B84}.Release|x86.ActiveCfg = Release|Any CPU
		{A5A72443-D635-4E57-B247-679624047B84}.Release|x86.Build.0 = Release|Any CPU
		{2EEC285B-A180-4D41-8ECA-CFC9A445F395}.Debug|Any CPU.ActiveCfg = Debug|Any CPU
		{2EEC285B-A180-4D41-8ECA-CFC9A445F395}.Debug|Any CPU.Build.0 = Debug|Any CPU
		{2EEC285B-A180-4D41-8ECA-CFC9A445F395}.Debug|x64.ActiveCfg = Debug|Any CPU
		{2EEC285B-A180-4D41-8ECA-CFC9A445F395}.Debug|x64.Build.0 = Debug|Any CPU
		{2EEC285B-A180-4D41-8ECA-CFC9A445F395}.Debug|x86.ActiveCfg = Debug|Any CPU
		{2EEC285B-A180-4D41-8ECA-CFC9A445F395}.Debug|x86.Build.0 = Debug|Any CPU
		{2EEC285B-A180-4D41-8ECA-CFC9A445F395}.Release|Any CPU.ActiveCfg = Release|Any CPU
		{2EEC285B-A180-4D41-8ECA-CFC9A445F395}.Release|Any CPU.Build.0 = Release|Any CPU
		{2EEC285B-A180-4D41-8ECA-CFC9A445F395}.Release|x64.ActiveCfg = Release|Any CPU
		{2EEC285B-A180-4D41-8ECA-CFC9A445F395}.Release|x64.Build.0 = Release|Any CPU
		{2EEC285B-A180-4D41-8ECA-CFC9A445F395}.Release|x86.ActiveCfg = Release|Any CPU
		{2EEC285B-A180-4D41-8ECA-CFC9A445F395}.Release|x86.Build.0 = Release|Any CPU
		{94BAB320-5BFF-4E87-B2F9-CEA19E12DB1B}.Debug|Any CPU.ActiveCfg = Debug|Any CPU
		{94BAB320-5BFF-4E87-B2F9-CEA19E12DB1B}.Debug|Any CPU.Build.0 = Debug|Any CPU
		{94BAB320-5BFF-4E87-B2F9-CEA19E12DB1B}.Debug|x64.ActiveCfg = Debug|Any CPU
		{94BAB320-5BFF-4E87-B2F9-CEA19E12DB1B}.Debug|x64.Build.0 = Debug|Any CPU
		{94BAB320-5BFF-4E87-B2F9-CEA19E12DB1B}.Debug|x86.ActiveCfg = Debug|Any CPU
		{94BAB320-5BFF-4E87-B2F9-CEA19E12DB1B}.Debug|x86.Build.0 = Debug|Any CPU
		{94BAB320-5BFF-4E87-B2F9-CEA19E12DB1B}.Release|Any CPU.ActiveCfg = Release|Any CPU
		{94BAB320-5BFF-4E87-B2F9-CEA19E12DB1B}.Release|Any CPU.Build.0 = Release|Any CPU
		{94BAB320-5BFF-4E87-B2F9-CEA19E12DB1B}.Release|x64.ActiveCfg = Release|Any CPU
		{94BAB320-5BFF-4E87-B2F9-CEA19E12DB1B}.Release|x64.Build.0 = Release|Any CPU
		{94BAB320-5BFF-4E87-B2F9-CEA19E12DB1B}.Release|x86.ActiveCfg = Release|Any CPU
		{94BAB320-5BFF-4E87-B2F9-CEA19E12DB1B}.Release|x86.Build.0 = Release|Any CPU
		{CF29E104-97E9-40C0-9053-799A75A313EF}.Debug|Any CPU.ActiveCfg = Debug|Any CPU
		{CF29E104-97E9-40C0-9053-799A75A313EF}.Debug|Any CPU.Build.0 = Debug|Any CPU
		{CF29E104-97E9-40C0-9053-799A75A313EF}.Debug|x64.ActiveCfg = Debug|Any CPU
		{CF29E104-97E9-40C0-9053-799A75A313EF}.Debug|x64.Build.0 = Debug|Any CPU
		{CF29E104-97E9-40C0-9053-799A75A313EF}.Debug|x86.ActiveCfg = Debug|Any CPU
		{CF29E104-97E9-40C0-9053-799A75A313EF}.Debug|x86.Build.0 = Debug|Any CPU
		{CF29E104-97E9-40C0-9053-799A75A313EF}.Release|Any CPU.ActiveCfg = Release|Any CPU
		{CF29E104-97E9-40C0-9053-799A75A313EF}.Release|Any CPU.Build.0 = Release|Any CPU
		{CF29E104-97E9-40C0-9053-799A75A313EF}.Release|x64.ActiveCfg = Release|Any CPU
		{CF29E104-97E9-40C0-9053-799A75A313EF}.Release|x64.Build.0 = Release|Any CPU
		{CF29E104-97E9-40C0-9053-799A75A313EF}.Release|x86.ActiveCfg = Release|Any CPU
		{CF29E104-97E9-40C0-9053-799A75A313EF}.Release|x86.Build.0 = Release|Any CPU
		{F10FAF0F-6C31-4B31-A6DF-BFED71D3EE72}.Debug|Any CPU.ActiveCfg = Debug|Any CPU
		{F10FAF0F-6C31-4B31-A6DF-BFED71D3EE72}.Debug|Any CPU.Build.0 = Debug|Any CPU
		{F10FAF0F-6C31-4B31-A6DF-BFED71D3EE72}.Debug|x64.ActiveCfg = Debug|Any CPU
		{F10FAF0F-6C31-4B31-A6DF-BFED71D3EE72}.Debug|x64.Build.0 = Debug|Any CPU
		{F10FAF0F-6C31-4B31-A6DF-BFED71D3EE72}.Debug|x86.ActiveCfg = Debug|Any CPU
		{F10FAF0F-6C31-4B31-A6DF-BFED71D3EE72}.Debug|x86.Build.0 = Debug|Any CPU
		{F10FAF0F-6C31-4B31-A6DF-BFED71D3EE72}.Release|Any CPU.ActiveCfg = Release|Any CPU
		{F10FAF0F-6C31-4B31-A6DF-BFED71D3EE72}.Release|Any CPU.Build.0 = Release|Any CPU
		{F10FAF0F-6C31-4B31-A6DF-BFED71D3EE72}.Release|x64.ActiveCfg = Release|Any CPU
		{F10FAF0F-6C31-4B31-A6DF-BFED71D3EE72}.Release|x64.Build.0 = Release|Any CPU
		{F10FAF0F-6C31-4B31-A6DF-BFED71D3EE72}.Release|x86.ActiveCfg = Release|Any CPU
		{F10FAF0F-6C31-4B31-A6DF-BFED71D3EE72}.Release|x86.Build.0 = Release|Any CPU
		{FD2DDA50-EEA4-446F-8D6B-D8A3462C7DC3}.Debug|Any CPU.ActiveCfg = Debug|Any CPU
		{FD2DDA50-EEA4-446F-8D6B-D8A3462C7DC3}.Debug|Any CPU.Build.0 = Debug|Any CPU
		{FD2DDA50-EEA4-446F-8D6B-D8A3462C7DC3}.Debug|x64.ActiveCfg = Debug|Any CPU
		{FD2DDA50-EEA4-446F-8D6B-D8A3462C7DC3}.Debug|x64.Build.0 = Debug|Any CPU
		{FD2DDA50-EEA4-446F-8D6B-D8A3462C7DC3}.Debug|x86.ActiveCfg = Debug|Any CPU
		{FD2DDA50-EEA4-446F-8D6B-D8A3462C7DC3}.Debug|x86.Build.0 = Debug|Any CPU
		{FD2DDA50-EEA4-446F-8D6B-D8A3462C7DC3}.Release|Any CPU.ActiveCfg = Release|Any CPU
		{FD2DDA50-EEA4-446F-8D6B-D8A3462C7DC3}.Release|Any CPU.Build.0 = Release|Any CPU
		{FD2DDA50-EEA4-446F-8D6B-D8A3462C7DC3}.Release|x64.ActiveCfg = Release|Any CPU
		{FD2DDA50-EEA4-446F-8D6B-D8A3462C7DC3}.Release|x64.Build.0 = Release|Any CPU
		{FD2DDA50-EEA4-446F-8D6B-D8A3462C7DC3}.Release|x86.ActiveCfg = Release|Any CPU
		{FD2DDA50-EEA4-446F-8D6B-D8A3462C7DC3}.Release|x86.Build.0 = Release|Any CPU
		{8820F465-34D8-4663-BBD0-976873697ED8}.Debug|Any CPU.ActiveCfg = Debug|Any CPU
		{8820F465-34D8-4663-BBD0-976873697ED8}.Debug|Any CPU.Build.0 = Debug|Any CPU
		{8820F465-34D8-4663-BBD0-976873697ED8}.Debug|x64.ActiveCfg = Debug|Any CPU
		{8820F465-34D8-4663-BBD0-976873697ED8}.Debug|x64.Build.0 = Debug|Any CPU
		{8820F465-34D8-4663-BBD0-976873697ED8}.Debug|x86.ActiveCfg = Debug|Any CPU
		{8820F465-34D8-4663-BBD0-976873697ED8}.Debug|x86.Build.0 = Debug|Any CPU
		{8820F465-34D8-4663-BBD0-976873697ED8}.Release|Any CPU.ActiveCfg = Release|Any CPU
		{8820F465-34D8-4663-BBD0-976873697ED8}.Release|Any CPU.Build.0 = Release|Any CPU
		{8820F465-34D8-4663-BBD0-976873697ED8}.Release|x64.ActiveCfg = Release|Any CPU
		{8820F465-34D8-4663-BBD0-976873697ED8}.Release|x64.Build.0 = Release|Any CPU
		{8820F465-34D8-4663-BBD0-976873697ED8}.Release|x86.ActiveCfg = Release|Any CPU
		{8820F465-34D8-4663-BBD0-976873697ED8}.Release|x86.Build.0 = Release|Any CPU
		{57C9F8EC-31AE-482A-93C2-5E731A600790}.Debug|Any CPU.ActiveCfg = Debug|Any CPU
		{57C9F8EC-31AE-482A-93C2-5E731A600790}.Debug|Any CPU.Build.0 = Debug|Any CPU
		{57C9F8EC-31AE-482A-93C2-5E731A600790}.Debug|x64.ActiveCfg = Debug|Any CPU
		{57C9F8EC-31AE-482A-93C2-5E731A600790}.Debug|x64.Build.0 = Debug|Any CPU
		{57C9F8EC-31AE-482A-93C2-5E731A600790}.Debug|x86.ActiveCfg = Debug|Any CPU
		{57C9F8EC-31AE-482A-93C2-5E731A600790}.Debug|x86.Build.0 = Debug|Any CPU
		{57C9F8EC-31AE-482A-93C2-5E731A600790}.Release|Any CPU.ActiveCfg = Release|Any CPU
		{57C9F8EC-31AE-482A-93C2-5E731A600790}.Release|Any CPU.Build.0 = Release|Any CPU
		{57C9F8EC-31AE-482A-93C2-5E731A600790}.Release|x64.ActiveCfg = Release|Any CPU
		{57C9F8EC-31AE-482A-93C2-5E731A600790}.Release|x64.Build.0 = Release|Any CPU
		{57C9F8EC-31AE-482A-93C2-5E731A600790}.Release|x86.ActiveCfg = Release|Any CPU
		{57C9F8EC-31AE-482A-93C2-5E731A600790}.Release|x86.Build.0 = Release|Any CPU
		{49D3A11B-D199-4E85-82F6-035540E4B91F}.Debug|Any CPU.ActiveCfg = Debug|Any CPU
		{49D3A11B-D199-4E85-82F6-035540E4B91F}.Debug|Any CPU.Build.0 = Debug|Any CPU
		{49D3A11B-D199-4E85-82F6-035540E4B91F}.Debug|x64.ActiveCfg = Debug|Any CPU
		{49D3A11B-D199-4E85-82F6-035540E4B91F}.Debug|x64.Build.0 = Debug|Any CPU
		{49D3A11B-D199-4E85-82F6-035540E4B91F}.Debug|x86.ActiveCfg = Debug|Any CPU
		{49D3A11B-D199-4E85-82F6-035540E4B91F}.Debug|x86.Build.0 = Debug|Any CPU
		{49D3A11B-D199-4E85-82F6-035540E4B91F}.Release|Any CPU.ActiveCfg = Release|Any CPU
		{49D3A11B-D199-4E85-82F6-035540E4B91F}.Release|Any CPU.Build.0 = Release|Any CPU
		{49D3A11B-D199-4E85-82F6-035540E4B91F}.Release|x64.ActiveCfg = Release|Any CPU
		{49D3A11B-D199-4E85-82F6-035540E4B91F}.Release|x64.Build.0 = Release|Any CPU
		{49D3A11B-D199-4E85-82F6-035540E4B91F}.Release|x86.ActiveCfg = Release|Any CPU
		{49D3A11B-D199-4E85-82F6-035540E4B91F}.Release|x86.Build.0 = Release|Any CPU
		{9CB8B155-70D0-49BA-ADE8-DC9F08491DA1}.Debug|Any CPU.ActiveCfg = Debug|Any CPU
		{9CB8B155-70D0-49BA-ADE8-DC9F08491DA1}.Debug|Any CPU.Build.0 = Debug|Any CPU
		{9CB8B155-70D0-49BA-ADE8-DC9F08491DA1}.Debug|x64.ActiveCfg = Debug|Any CPU
		{9CB8B155-70D0-49BA-ADE8-DC9F08491DA1}.Debug|x64.Build.0 = Debug|Any CPU
		{9CB8B155-70D0-49BA-ADE8-DC9F08491DA1}.Debug|x86.ActiveCfg = Debug|Any CPU
		{9CB8B155-70D0-49BA-ADE8-DC9F08491DA1}.Debug|x86.Build.0 = Debug|Any CPU
		{9CB8B155-70D0-49BA-ADE8-DC9F08491DA1}.Release|Any CPU.ActiveCfg = Release|Any CPU
		{9CB8B155-70D0-49BA-ADE8-DC9F08491DA1}.Release|Any CPU.Build.0 = Release|Any CPU
		{9CB8B155-70D0-49BA-ADE8-DC9F08491DA1}.Release|x64.ActiveCfg = Release|Any CPU
		{9CB8B155-70D0-49BA-ADE8-DC9F08491DA1}.Release|x64.Build.0 = Release|Any CPU
		{9CB8B155-70D0-49BA-ADE8-DC9F08491DA1}.Release|x86.ActiveCfg = Release|Any CPU
		{9CB8B155-70D0-49BA-ADE8-DC9F08491DA1}.Release|x86.Build.0 = Release|Any CPU
		{914CDFD1-12AF-498D-A81B-A7AF6DD1D88C}.Debug|Any CPU.ActiveCfg = Debug|Any CPU
		{914CDFD1-12AF-498D-A81B-A7AF6DD1D88C}.Debug|Any CPU.Build.0 = Debug|Any CPU
		{914CDFD1-12AF-498D-A81B-A7AF6DD1D88C}.Debug|x64.ActiveCfg = Debug|Any CPU
		{914CDFD1-12AF-498D-A81B-A7AF6DD1D88C}.Debug|x64.Build.0 = Debug|Any CPU
		{914CDFD1-12AF-498D-A81B-A7AF6DD1D88C}.Debug|x86.ActiveCfg = Debug|Any CPU
		{914CDFD1-12AF-498D-A81B-A7AF6DD1D88C}.Debug|x86.Build.0 = Debug|Any CPU
		{914CDFD1-12AF-498D-A81B-A7AF6DD1D88C}.Release|Any CPU.ActiveCfg = Release|Any CPU
		{914CDFD1-12AF-498D-A81B-A7AF6DD1D88C}.Release|Any CPU.Build.0 = Release|Any CPU
		{914CDFD1-12AF-498D-A81B-A7AF6DD1D88C}.Release|x64.ActiveCfg = Release|Any CPU
		{914CDFD1-12AF-498D-A81B-A7AF6DD1D88C}.Release|x64.Build.0 = Release|Any CPU
		{914CDFD1-12AF-498D-A81B-A7AF6DD1D88C}.Release|x86.ActiveCfg = Release|Any CPU
		{914CDFD1-12AF-498D-A81B-A7AF6DD1D88C}.Release|x86.Build.0 = Release|Any CPU
		{20B50385-D0F1-4B21-8D27-9DF410117303}.Debug|Any CPU.ActiveCfg = Debug|Any CPU
		{20B50385-D0F1-4B21-8D27-9DF410117303}.Debug|Any CPU.Build.0 = Debug|Any CPU
		{20B50385-D0F1-4B21-8D27-9DF410117303}.Debug|x64.ActiveCfg = Debug|Any CPU
		{20B50385-D0F1-4B21-8D27-9DF410117303}.Debug|x64.Build.0 = Debug|Any CPU
		{20B50385-D0F1-4B21-8D27-9DF410117303}.Debug|x86.ActiveCfg = Debug|Any CPU
		{20B50385-D0F1-4B21-8D27-9DF410117303}.Debug|x86.Build.0 = Debug|Any CPU
		{20B50385-D0F1-4B21-8D27-9DF410117303}.Release|Any CPU.ActiveCfg = Release|Any CPU
		{20B50385-D0F1-4B21-8D27-9DF410117303}.Release|Any CPU.Build.0 = Release|Any CPU
		{20B50385-D0F1-4B21-8D27-9DF410117303}.Release|x64.ActiveCfg = Release|Any CPU
		{20B50385-D0F1-4B21-8D27-9DF410117303}.Release|x64.Build.0 = Release|Any CPU
		{20B50385-D0F1-4B21-8D27-9DF410117303}.Release|x86.ActiveCfg = Release|Any CPU
		{20B50385-D0F1-4B21-8D27-9DF410117303}.Release|x86.Build.0 = Release|Any CPU
		{4B675749-56D7-452D-8E39-4AE784452A1D}.Debug|Any CPU.ActiveCfg = Debug|Any CPU
		{4B675749-56D7-452D-8E39-4AE784452A1D}.Debug|Any CPU.Build.0 = Debug|Any CPU
		{4B675749-56D7-452D-8E39-4AE784452A1D}.Debug|x64.ActiveCfg = Debug|Any CPU
		{4B675749-56D7-452D-8E39-4AE784452A1D}.Debug|x64.Build.0 = Debug|Any CPU
		{4B675749-56D7-452D-8E39-4AE784452A1D}.Debug|x86.ActiveCfg = Debug|Any CPU
		{4B675749-56D7-452D-8E39-4AE784452A1D}.Debug|x86.Build.0 = Debug|Any CPU
		{4B675749-56D7-452D-8E39-4AE784452A1D}.Release|Any CPU.ActiveCfg = Release|Any CPU
		{4B675749-56D7-452D-8E39-4AE784452A1D}.Release|Any CPU.Build.0 = Release|Any CPU
		{4B675749-56D7-452D-8E39-4AE784452A1D}.Release|x64.ActiveCfg = Release|Any CPU
		{4B675749-56D7-452D-8E39-4AE784452A1D}.Release|x64.Build.0 = Release|Any CPU
		{4B675749-56D7-452D-8E39-4AE784452A1D}.Release|x86.ActiveCfg = Release|Any CPU
		{4B675749-56D7-452D-8E39-4AE784452A1D}.Release|x86.Build.0 = Release|Any CPU
		{6E19356F-979F-497C-8A8E-58C25524E6E1}.Debug|Any CPU.ActiveCfg = Debug|Any CPU
		{6E19356F-979F-497C-8A8E-58C25524E6E1}.Debug|Any CPU.Build.0 = Debug|Any CPU
		{6E19356F-979F-497C-8A8E-58C25524E6E1}.Debug|x64.ActiveCfg = Debug|Any CPU
		{6E19356F-979F-497C-8A8E-58C25524E6E1}.Debug|x64.Build.0 = Debug|Any CPU
		{6E19356F-979F-497C-8A8E-58C25524E6E1}.Debug|x86.ActiveCfg = Debug|Any CPU
		{6E19356F-979F-497C-8A8E-58C25524E6E1}.Debug|x86.Build.0 = Debug|Any CPU
		{6E19356F-979F-497C-8A8E-58C25524E6E1}.Release|Any CPU.ActiveCfg = Release|Any CPU
		{6E19356F-979F-497C-8A8E-58C25524E6E1}.Release|Any CPU.Build.0 = Release|Any CPU
		{6E19356F-979F-497C-8A8E-58C25524E6E1}.Release|x64.ActiveCfg = Release|Any CPU
		{6E19356F-979F-497C-8A8E-58C25524E6E1}.Release|x64.Build.0 = Release|Any CPU
		{6E19356F-979F-497C-8A8E-58C25524E6E1}.Release|x86.ActiveCfg = Release|Any CPU
		{6E19356F-979F-497C-8A8E-58C25524E6E1}.Release|x86.Build.0 = Release|Any CPU
	EndGlobalSection
	GlobalSection(NestedProjects) = preSolution
		{3D1FC9C4-7664-404E-91FC-B3401439163D} = {365287F6-F9D9-45D1-8C3B-059A2C4C07AF}
		{6FE727DB-47B7-4B9B-99DA-7DA5897D2473} = {365287F6-F9D9-45D1-8C3B-059A2C4C07AF}
		{740DBC9C-F586-49FF-B257-09E9194B7DEC} = {365287F6-F9D9-45D1-8C3B-059A2C4C07AF}
		{A5A72443-D635-4E57-B247-679624047B84} = {365287F6-F9D9-45D1-8C3B-059A2C4C07AF}
		{2EEC285B-A180-4D41-8ECA-CFC9A445F395} = {365287F6-F9D9-45D1-8C3B-059A2C4C07AF}
		{C2296D49-85A0-4831-BC7B-7F3F286E356D} = {365287F6-F9D9-45D1-8C3B-059A2C4C07AF}
		{94BAB320-5BFF-4E87-B2F9-CEA19E12DB1B} = {C2296D49-85A0-4831-BC7B-7F3F286E356D}
		{CF29E104-97E9-40C0-9053-799A75A313EF} = {015182D8-1F36-480F-9C91-DEEF94CEC165}
		{F10FAF0F-6C31-4B31-A6DF-BFED71D3EE72} = {365287F6-F9D9-45D1-8C3B-059A2C4C07AF}
		{FD2DDA50-EEA4-446F-8D6B-D8A3462C7DC3} = {365287F6-F9D9-45D1-8C3B-059A2C4C07AF}
		{8820F465-34D8-4663-BBD0-976873697ED8} = {365287F6-F9D9-45D1-8C3B-059A2C4C07AF}
		{57C9F8EC-31AE-482A-93C2-5E731A600790} = {365287F6-F9D9-45D1-8C3B-059A2C4C07AF}
		{49D3A11B-D199-4E85-82F6-035540E4B91F} = {365287F6-F9D9-45D1-8C3B-059A2C4C07AF}
		{9CB8B155-70D0-49BA-ADE8-DC9F08491DA1} = {365287F6-F9D9-45D1-8C3B-059A2C4C07AF}
		{914CDFD1-12AF-498D-A81B-A7AF6DD1D88C} = {365287F6-F9D9-45D1-8C3B-059A2C4C07AF}
		{20B50385-D0F1-4B21-8D27-9DF410117303} = {365287F6-F9D9-45D1-8C3B-059A2C4C07AF}
		{4B675749-56D7-452D-8E39-4AE784452A1D} = {365287F6-F9D9-45D1-8C3B-059A2C4C07AF}
		{6E19356F-979F-497C-8A8E-58C25524E6E1} = {365287F6-F9D9-45D1-8C3B-059A2C4C07AF}
	EndGlobalSection
EndGlobal
